
Microsoft Visual Studio Solution File, Format Version 12.00
# Visual Studio Version 17
VisualStudioVersion = 17.4.33103.184
MinimumVisualStudioVersion = 10.0.40219.1
Project("{FAE04EC0-301F-11D3-BF4B-00C04F79EFBC}") = "TaskManagement", "TaskManagement\TaskManagement.csproj", "{27D6B71C-CD9C-4E3B-B4BE-0164C7937ED2}"
EndProject
Global
	GlobalSection(SolutionConfigurationPlatforms) = preSolution
		Debug|Any CPU = Debug|Any CPU
		Release|Any CPU = Release|Any CPU
	EndGlobalSection
	GlobalSection(ProjectConfigurationPlatforms) = postSolution
		{27D6B71C-CD9C-4E3B-B4BE-0164C7937ED2}.Debug|Any CPU.ActiveCfg = Debug|Any CPU
		{27D6B71C-CD9C-4E3B-B4BE-0164C7937ED2}.Debug|Any CPU.Build.0 = Debug|Any CPU
		{27D6B71C-CD9C-4E3B-B4BE-0164C7937ED2}.Release|Any CPU.ActiveCfg = Release|Any CPU
		{27D6B71C-CD9C-4E3B-B4BE-0164C7937ED2}.Release|Any CPU.Build.0 = Release|Any CPU
	EndGlobalSection
	GlobalSection(SolutionProperties) = preSolution
		HideSolutionNode = FALSE
	EndGlobalSection
	GlobalSection(ExtensibilityGlobals) = postSolution
		SolutionGuid = {42820773-A1B6-4C67-BACC-C25C3BB78880}
	EndGlobalSection
EndGlobal
